// !$*UTF8*$!
{
	archiveVersion = 1;
	classes = {
	};
	objectVersion = 46;
	objects = {

/* Begin PBXBuildFile section */
		0214B1291773394400C03C71 /* Cocoa.framework in Frameworks */ = {isa = PBXBuildFile; fileRef = 0214B1281773394400C03C71 /* Cocoa.framework */; };
		0214B1331773394400C03C71 /* InfoPlist.strings in Resources */ = {isa = PBXBuildFile; fileRef = 0214B1311773394400C03C71 /* InfoPlist.strings */; };
		0214B1351773394400C03C71 /* main.m in Sources */ = {isa = PBXBuildFile; fileRef = 0214B1341773394400C03C71 /* main.m */; };
		0214B1391773394400C03C71 /* Credits.rtf in Resources */ = {isa = PBXBuildFile; fileRef = 0214B1371773394400C03C71 /* Credits.rtf */; };
		0214B1471773394500C03C71 /* SenTestingKit.framework in Frameworks */ = {isa = PBXBuildFile; fileRef = 0214B1461773394500C03C71 /* SenTestingKit.framework */; };
		0214B1481773394500C03C71 /* Cocoa.framework in Frameworks */ = {isa = PBXBuildFile; fileRef = 0214B1281773394400C03C71 /* Cocoa.framework */; };
		0214B1501773394500C03C71 /* InfoPlist.strings in Resources */ = {isa = PBXBuildFile; fileRef = 0214B14E1773394500C03C71 /* InfoPlist.strings */; };
		0214B1531773394500C03C71 /* Trains3DTests.m in Sources */ = {isa = PBXBuildFile; fileRef = 0214B1521773394500C03C71 /* Trains3DTests.m */; };
		024F434E1774A5C3005B6F82 /* CoreVideo.framework in Frameworks */ = {isa = PBXBuildFile; fileRef = 024F434D1774A5C3005B6F82 /* CoreVideo.framework */; };
		6F3DF08D40683321E30A801E /* TRAppDelegate.m in Sources */ = {isa = PBXBuildFile; fileRef = 6F3DF980D0476B0472119D26 /* TRAppDelegate.m */; };
		6F3DF0D73FFF8EBDF63389DB /* TRCity.m in Sources */ = {isa = PBXBuildFile; fileRef = 6F3DFC7EA0ABA65E1BF91FF0 /* TRCity.m */; };
		6F3DF194C56638A08F95D03C /* EGStat.m in Sources */ = {isa = PBXBuildFile; fileRef = 6F3DF418927B90E9B8FD285D /* EGStat.m */; };
		6F3DF1EA784B0CF29B2CA273 /* MainMenu.xib in Resources */ = {isa = PBXBuildFile; fileRef = 6F3DF3C68061209BBC632F6E /* MainMenu.xib */; };
		6F3DF3178C81E81D309A8F46 /* TRTypes.m in Sources */ = {isa = PBXBuildFile; fileRef = 6F3DFA1D9FD529C6DE18D3D5 /* TRTypes.m */; };
		6F3DF36DDB5017608A0CD51B /* TRTypes.od in Resources */ = {isa = PBXBuildFile; fileRef = 6F3DF4B478F8335A7A043118 /* TRTypes.od */; };
		6F3DF3B03AB24320C2EF87F7 /* EGDirector.od in Resources */ = {isa = PBXBuildFile; fileRef = 6F3DF35551990032E9C9359F /* EGDirector.od */; };
		6F3DF3E9BD0716446C89045C /* Grass.png in Resources */ = {isa = PBXBuildFile; fileRef = 6F3DFF5622ACCF4AEB7EE617 /* Grass.png */; };
		6F3DF5C63790425F8F8EB5CD /* GLUT.framework in Frameworks */ = {isa = PBXBuildFile; fileRef = 6F3DF60FCB04B7E52FECB861 /* GLUT.framework */; };
		6F3DF62875FC6AA9A1C16B02 /* EGCamera.m in Sources */ = {isa = PBXBuildFile; fileRef = 6F3DF442E195CEABE2FEEE4F /* EGCamera.m */; };
		6F3DF692073FADE1779485F1 /* EGTypes.od in Resources */ = {isa = PBXBuildFile; fileRef = 6F3DF1D6F2C26D4498CECD7C /* EGTypes.od */; };
		6F3DF9157E102D6AFDDE715D /* EGScene.od in Resources */ = {isa = PBXBuildFile; fileRef = 6F3DFD9868ADE5A5DDACC9D9 /* EGScene.od */; };
		6F3DF9434A258FF2AC0B6548 /* EGDirector.m in Sources */ = {isa = PBXBuildFile; fileRef = 6F3DF0EDDE0E9BD7A9F948BE /* EGDirector.m */; };
		6F3DF970C938C0513041D305 /* EGTexture.m in Sources */ = {isa = PBXBuildFile; fileRef = 6F3DFEB61E6469F152002495 /* EGTexture.m */; };
		6F3DF9D4A7F987AED827130A /* EGOpenGLView.m in Sources */ = {isa = PBXBuildFile; fileRef = 6F3DFA3414CC30A8B005B9C0 /* EGOpenGLView.m */; };
		6F3DF9DB61C7A5476CA7A2F1 /* TRCity.od in Resources */ = {isa = PBXBuildFile; fileRef = 6F3DF433FD87F82292F36055 /* TRCity.od */; };
		6F3DFA06DD08EAF323F21E52 /* EGTexture.od in Resources */ = {isa = PBXBuildFile; fileRef = 6F3DF595E3C0D7506F2F2638 /* EGTexture.od */; };
		6F3DFA8E7A526C995CD40513 /* TRLevel.od in Resources */ = {isa = PBXBuildFile; fileRef = 6F3DFB22ECD177B0436EC68F /* TRLevel.od */; };
		6F3DFB7610D3B97263DC6E0A /* OpenGL.framework in Frameworks */ = {isa = PBXBuildFile; fileRef = 6F3DF8BE3569365CA633DF43 /* OpenGL.framework */; };
		6F3DFC4DFD5AA78EE14631E6 /* EGCamera.od in Resources */ = {isa = PBXBuildFile; fileRef = 6F3DFFFCB36B857C7756A470 /* EGCamera.od */; };
		6F3DFCC28C26DAF6DF429B57 /* EGDirectorMac.m in Sources */ = {isa = PBXBuildFile; fileRef = 6F3DF65460A5DBAC04BC37F7 /* EGDirectorMac.m */; };
		6F3DFDBD0F43888518DDEDF3 /* TRLevel.m in Sources */ = {isa = PBXBuildFile; fileRef = 6F3DF875137C7B67B18FC219 /* TRLevel.m */; };
		6F3DFEC7F85F7D181702969E /* EGScene.m in Sources */ = {isa = PBXBuildFile; fileRef = 6F3DFE2F83716C1EBC4E347D /* EGScene.m */; };
		6F3DFEEE81BBC0A5966D9E2E /* EGTime.od in Resources */ = {isa = PBXBuildFile; fileRef = 6F3DFC2DF92415D6518A84C5 /* EGTime.od */; };
		6F3DFF3DA644565063716763 /* EGStat.od in Resources */ = {isa = PBXBuildFile; fileRef = 6F3DF7E5BB71171CADC27363 /* EGStat.od */; };
		6F3DFFB915F38AEF416608D0 /* EGTime.m in Sources */ = {isa = PBXBuildFile; fileRef = 6F3DF40B7EA21CBF17B28F8C /* EGTime.m */; };
/* End PBXBuildFile section */

/* Begin PBXContainerItemProxy section */
		0214B1491773394500C03C71 /* PBXContainerItemProxy */ = {
			isa = PBXContainerItemProxy;
			containerPortal = 0214B11D1773394400C03C71 /* Project object */;
			proxyType = 1;
			remoteGlobalIDString = 0214B1241773394400C03C71;
			remoteInfo = Trains3D;
		};
/* End PBXContainerItemProxy section */

/* Begin PBXFileReference section */
		0214B1251773394400C03C71 /* Trains3D.app */ = {isa = PBXFileReference; explicitFileType = wrapper.application; includeInIndex = 0; path = Trains3D.app; sourceTree = BUILT_PRODUCTS_DIR; };
		0214B1281773394400C03C71 /* Cocoa.framework */ = {isa = PBXFileReference; lastKnownFileType = wrapper.framework; name = Cocoa.framework; path = System/Library/Frameworks/Cocoa.framework; sourceTree = SDKROOT; };
		0214B12B1773394400C03C71 /* AppKit.framework */ = {isa = PBXFileReference; lastKnownFileType = wrapper.framework; name = AppKit.framework; path = System/Library/Frameworks/AppKit.framework; sourceTree = SDKROOT; };
		0214B12C1773394400C03C71 /* CoreData.framework */ = {isa = PBXFileReference; lastKnownFileType = wrapper.framework; name = CoreData.framework; path = System/Library/Frameworks/CoreData.framework; sourceTree = SDKROOT; };
		0214B12D1773394400C03C71 /* Foundation.framework */ = {isa = PBXFileReference; lastKnownFileType = wrapper.framework; name = Foundation.framework; path = System/Library/Frameworks/Foundation.framework; sourceTree = SDKROOT; };
		0214B1301773394400C03C71 /* Trains3D-Info.plist */ = {isa = PBXFileReference; lastKnownFileType = text.plist.xml; path = "Trains3D-Info.plist"; sourceTree = "<group>"; };
		0214B1321773394400C03C71 /* en */ = {isa = PBXFileReference; lastKnownFileType = text.plist.strings; name = en; path = en.lproj/InfoPlist.strings; sourceTree = "<group>"; };
		0214B1341773394400C03C71 /* main.m */ = {isa = PBXFileReference; lastKnownFileType = sourcecode.c.objc; path = main.m; sourceTree = "<group>"; };
		0214B1361773394400C03C71 /* Trains3D-Prefix.pch */ = {isa = PBXFileReference; lastKnownFileType = sourcecode.c.h; path = "Trains3D-Prefix.pch"; sourceTree = "<group>"; };
		0214B1381773394400C03C71 /* en */ = {isa = PBXFileReference; lastKnownFileType = text.rtf; name = en; path = en.lproj/Credits.rtf; sourceTree = "<group>"; };
		0214B1451773394500C03C71 /* Trains3DTests.octest */ = {isa = PBXFileReference; explicitFileType = wrapper.cfbundle; includeInIndex = 0; path = Trains3DTests.octest; sourceTree = BUILT_PRODUCTS_DIR; };
		0214B1461773394500C03C71 /* SenTestingKit.framework */ = {isa = PBXFileReference; lastKnownFileType = wrapper.framework; name = SenTestingKit.framework; path = Library/Frameworks/SenTestingKit.framework; sourceTree = DEVELOPER_DIR; };
		0214B14D1773394500C03C71 /* Trains3DTests-Info.plist */ = {isa = PBXFileReference; lastKnownFileType = text.plist.xml; path = "Trains3DTests-Info.plist"; sourceTree = "<group>"; };
		0214B14F1773394500C03C71 /* en */ = {isa = PBXFileReference; lastKnownFileType = text.plist.strings; name = en; path = en.lproj/InfoPlist.strings; sourceTree = "<group>"; };
		0214B1511773394500C03C71 /* Trains3DTests.h */ = {isa = PBXFileReference; lastKnownFileType = sourcecode.c.h; path = Trains3DTests.h; sourceTree = "<group>"; };
		0214B1521773394500C03C71 /* Trains3DTests.m */ = {isa = PBXFileReference; lastKnownFileType = sourcecode.c.objc; path = Trains3DTests.m; sourceTree = "<group>"; };
		024F434D1774A5C3005B6F82 /* CoreVideo.framework */ = {isa = PBXFileReference; lastKnownFileType = wrapper.framework; name = CoreVideo.framework; path = System/Library/Frameworks/CoreVideo.framework; sourceTree = SDKROOT; };
		6F3DF0EDDE0E9BD7A9F948BE /* EGDirector.m */ = {isa = PBXFileReference; fileEncoding = 4; lastKnownFileType = sourcecode.c.objc; path = EGDirector.m; sourceTree = "<group>"; };
		6F3DF0F7A1C9A6172BE15D40 /* TRTypes.h */ = {isa = PBXFileReference; fileEncoding = 4; lastKnownFileType = sourcecode.c.h; path = TRTypes.h; sourceTree = "<group>"; };
		6F3DF11FFF9D42B73312F055 /* en */ = {isa = PBXFileReference; lastKnownFileType = file.xib; name = en; path = en.lproj/MainMenu.xib; sourceTree = "<group>"; };
		6F3DF1CFEFCFD9A9F41392EF /* EGCamera.h */ = {isa = PBXFileReference; fileEncoding = 4; lastKnownFileType = sourcecode.c.h; path = EGCamera.h; sourceTree = "<group>"; };
		6F3DF1D6F2C26D4498CECD7C /* EGTypes.od */ = {isa = PBXFileReference; lastKnownFileType = file.od; path = EGTypes.od; sourceTree = "<group>"; };
		6F3DF35551990032E9C9359F /* EGDirector.od */ = {isa = PBXFileReference; lastKnownFileType = file.od; path = EGDirector.od; sourceTree = "<group>"; };
		6F3DF3E279A6BB92EAA800FC /* EGOpenGLView.h */ = {isa = PBXFileReference; fileEncoding = 4; lastKnownFileType = sourcecode.c.h; path = EGOpenGLView.h; sourceTree = "<group>"; };
		6F3DF40B7EA21CBF17B28F8C /* EGTime.m */ = {isa = PBXFileReference; fileEncoding = 4; lastKnownFileType = sourcecode.c.objc; path = EGTime.m; sourceTree = "<group>"; };
		6F3DF418927B90E9B8FD285D /* EGStat.m */ = {isa = PBXFileReference; fileEncoding = 4; lastKnownFileType = sourcecode.c.objc; path = EGStat.m; sourceTree = "<group>"; };
		6F3DF433FD87F82292F36055 /* TRCity.od */ = {isa = PBXFileReference; fileEncoding = 4; lastKnownFileType = file.od; path = TRCity.od; sourceTree = "<group>"; };
		6F3DF442E195CEABE2FEEE4F /* EGCamera.m */ = {isa = PBXFileReference; fileEncoding = 4; lastKnownFileType = sourcecode.c.objc; path = EGCamera.m; sourceTree = "<group>"; };
		6F3DF4B478F8335A7A043118 /* TRTypes.od */ = {isa = PBXFileReference; lastKnownFileType = file.od; path = TRTypes.od; sourceTree = "<group>"; };
		6F3DF4FAA15963195E4F8796 /* EGTime.h */ = {isa = PBXFileReference; fileEncoding = 4; lastKnownFileType = sourcecode.c.h; path = EGTime.h; sourceTree = "<group>"; };
		6F3DF595E3C0D7506F2F2638 /* EGTexture.od */ = {isa = PBXFileReference; lastKnownFileType = file.od; path = EGTexture.od; sourceTree = "<group>"; };
		6F3DF5B9F4E0A19BA7B96BFC /* EGStat.h */ = {isa = PBXFileReference; fileEncoding = 4; lastKnownFileType = sourcecode.c.h; path = EGStat.h; sourceTree = "<group>"; };
		6F3DF5F168AA005DD585BCFB /* TRAppDelegate.h */ = {isa = PBXFileReference; fileEncoding = 4; lastKnownFileType = sourcecode.c.h; path = TRAppDelegate.h; sourceTree = "<group>"; };
		6F3DF60FCB04B7E52FECB861 /* GLUT.framework */ = {isa = PBXFileReference; lastKnownFileType = wrapper.framework; name = GLUT.framework; path = ../../../../../Applications/Xcode.app/Contents/Developer/Platforms/MacOSX.platform/Developer/SDKs/MacOSX10.8.sdk/System/Library/Frameworks/GLUT.framework; sourceTree = "<group>"; };
		6F3DF65460A5DBAC04BC37F7 /* EGDirectorMac.m */ = {isa = PBXFileReference; fileEncoding = 4; lastKnownFileType = sourcecode.c.objc; path = EGDirectorMac.m; sourceTree = "<group>"; };
		6F3DF7E5BB71171CADC27363 /* EGStat.od */ = {isa = PBXFileReference; lastKnownFileType = file.od; path = EGStat.od; sourceTree = "<group>"; };
		6F3DF835E144EA628BC9D1C1 /* EGDirector.h */ = {isa = PBXFileReference; fileEncoding = 4; lastKnownFileType = sourcecode.c.h; path = EGDirector.h; sourceTree = "<group>"; };
		6F3DF875137C7B67B18FC219 /* TRLevel.m */ = {isa = PBXFileReference; fileEncoding = 4; lastKnownFileType = sourcecode.c.objc; path = TRLevel.m; sourceTree = "<group>"; };
		6F3DF8BE3569365CA633DF43 /* OpenGL.framework */ = {isa = PBXFileReference; lastKnownFileType = wrapper.framework; name = OpenGL.framework; path = ../../../../../Applications/Xcode.app/Contents/Developer/Platforms/MacOSX.platform/Developer/SDKs/MacOSX10.8.sdk/System/Library/Frameworks/OpenGL.framework; sourceTree = "<group>"; };
		6F3DF9443F81DFE6EB6C1D2C /* TRCity.h */ = {isa = PBXFileReference; fileEncoding = 4; lastKnownFileType = sourcecode.c.h; path = TRCity.h; sourceTree = "<group>"; };
		6F3DF980D0476B0472119D26 /* TRAppDelegate.m */ = {isa = PBXFileReference; fileEncoding = 4; lastKnownFileType = sourcecode.c.objc; path = TRAppDelegate.m; sourceTree = "<group>"; };
		6F3DFA1D9FD529C6DE18D3D5 /* TRTypes.m */ = {isa = PBXFileReference; fileEncoding = 4; lastKnownFileType = sourcecode.c.objc; path = TRTypes.m; sourceTree = "<group>"; };
		6F3DFA3414CC30A8B005B9C0 /* EGOpenGLView.m */ = {isa = PBXFileReference; fileEncoding = 4; lastKnownFileType = sourcecode.c.objc; path = EGOpenGLView.m; sourceTree = "<group>"; };
		6F3DFAF06E197A6FA6BCD7EB /* EGScene.h */ = {isa = PBXFileReference; fileEncoding = 4; lastKnownFileType = sourcecode.c.h; path = EGScene.h; sourceTree = "<group>"; };
		6F3DFB22ECD177B0436EC68F /* TRLevel.od */ = {isa = PBXFileReference; lastKnownFileType = file.od; path = TRLevel.od; sourceTree = "<group>"; };
		6F3DFC2DF92415D6518A84C5 /* EGTime.od */ = {isa = PBXFileReference; lastKnownFileType = file.od; path = EGTime.od; sourceTree = "<group>"; };
		6F3DFC606C1908AFC8A72228 /* EGTexture.h */ = {isa = PBXFileReference; fileEncoding = 4; lastKnownFileType = sourcecode.c.h; path = EGTexture.h; sourceTree = "<group>"; };
		6F3DFC7EA0ABA65E1BF91FF0 /* TRCity.m */ = {isa = PBXFileReference; fileEncoding = 4; lastKnownFileType = sourcecode.c.objc; path = TRCity.m; sourceTree = "<group>"; };
		6F3DFD9868ADE5A5DDACC9D9 /* EGScene.od */ = {isa = PBXFileReference; fileEncoding = 4; lastKnownFileType = file.od; path = EGScene.od; sourceTree = "<group>"; };
		6F3DFE2F83716C1EBC4E347D /* EGScene.m */ = {isa = PBXFileReference; fileEncoding = 4; lastKnownFileType = sourcecode.c.objc; path = EGScene.m; sourceTree = "<group>"; };
		6F3DFEB61E6469F152002495 /* EGTexture.m */ = {isa = PBXFileReference; fileEncoding = 4; lastKnownFileType = sourcecode.c.objc; path = EGTexture.m; sourceTree = "<group>"; };
		6F3DFEE6C9005C4CA2D8FF99 /* EGTypes.h */ = {isa = PBXFileReference; fileEncoding = 4; lastKnownFileType = sourcecode.c.h; path = EGTypes.h; sourceTree = "<group>"; };
		6F3DFF28C729F025D705445D /* EGDirectorMac.h */ = {isa = PBXFileReference; fileEncoding = 4; lastKnownFileType = sourcecode.c.h; path = EGDirectorMac.h; sourceTree = "<group>"; };
		6F3DFF5622ACCF4AEB7EE617 /* Grass.png */ = {isa = PBXFileReference; lastKnownFileType = image.png; path = Grass.png; sourceTree = "<group>"; };
		6F3DFFFCB36B857C7756A470 /* EGCamera.od */ = {isa = PBXFileReference; lastKnownFileType = file.od; path = EGCamera.od; sourceTree = "<group>"; };
		6F3DFFFEB312B8172D46F4C4 /* TRLevel.h */ = {isa = PBXFileReference; fileEncoding = 4; lastKnownFileType = sourcecode.c.h; path = TRLevel.h; sourceTree = "<group>"; };
/* End PBXFileReference section */

/* Begin PBXFrameworksBuildPhase section */
		0214B1221773394400C03C71 /* Frameworks */ = {
			isa = PBXFrameworksBuildPhase;
			buildActionMask = 2147483647;
			files = (
				024F434E1774A5C3005B6F82 /* CoreVideo.framework in Frameworks */,
				0214B1291773394400C03C71 /* Cocoa.framework in Frameworks */,
				6F3DF5C63790425F8F8EB5CD /* GLUT.framework in Frameworks */,
				6F3DFB7610D3B97263DC6E0A /* OpenGL.framework in Frameworks */,
			);
			runOnlyForDeploymentPostprocessing = 0;
		};
		0214B1411773394500C03C71 /* Frameworks */ = {
			isa = PBXFrameworksBuildPhase;
			buildActionMask = 2147483647;
			files = (
				0214B1471773394500C03C71 /* SenTestingKit.framework in Frameworks */,
				0214B1481773394500C03C71 /* Cocoa.framework in Frameworks */,
			);
			runOnlyForDeploymentPostprocessing = 0;
		};
/* End PBXFrameworksBuildPhase section */

/* Begin PBXGroup section */
		0214B11C1773394400C03C71 = {
			isa = PBXGroup;
			children = (
				024F434D1774A5C3005B6F82 /* CoreVideo.framework */,
				0214B12E1773394400C03C71 /* Trains3D */,
				0214B14B1773394500C03C71 /* Trains3DTests */,
				0214B1271773394400C03C71 /* Frameworks */,
				0214B1261773394400C03C71 /* Products */,
				6F3DF59FFFDE7F8B42964292 /* Engine */,
				6F3DFCBF8D4DDB6C5BC3FB8A /* Resources */,
			);
			sourceTree = "<group>";
		};
		0214B1261773394400C03C71 /* Products */ = {
			isa = PBXGroup;
			children = (
				0214B1251773394400C03C71 /* Trains3D.app */,
				0214B1451773394500C03C71 /* Trains3DTests.octest */,
			);
			name = Products;
			sourceTree = "<group>";
		};
		0214B1271773394400C03C71 /* Frameworks */ = {
			isa = PBXGroup;
			children = (
				0214B1281773394400C03C71 /* Cocoa.framework */,
				0214B1461773394500C03C71 /* SenTestingKit.framework */,
				0214B12A1773394400C03C71 /* Other Frameworks */,
				6F3DF60FCB04B7E52FECB861 /* GLUT.framework */,
				6F3DF8BE3569365CA633DF43 /* OpenGL.framework */,
			);
			name = Frameworks;
			sourceTree = "<group>";
		};
		0214B12A1773394400C03C71 /* Other Frameworks */ = {
			isa = PBXGroup;
			children = (
				0214B12B1773394400C03C71 /* AppKit.framework */,
				0214B12C1773394400C03C71 /* CoreData.framework */,
				0214B12D1773394400C03C71 /* Foundation.framework */,
			);
			name = "Other Frameworks";
			sourceTree = "<group>";
		};
		0214B12E1773394400C03C71 /* Trains3D */ = {
			isa = PBXGroup;
			children = (
				0214B12F1773394400C03C71 /* Supporting Files */,
				6F3DFB22ECD177B0436EC68F /* TRLevel.od */,
				6F3DF433FD87F82292F36055 /* TRCity.od */,
				6F3DF4B478F8335A7A043118 /* TRTypes.od */,
				6F3DF9443F81DFE6EB6C1D2C /* TRCity.h */,
				6F3DFC7EA0ABA65E1BF91FF0 /* TRCity.m */,
				6F3DFFFEB312B8172D46F4C4 /* TRLevel.h */,
				6F3DF875137C7B67B18FC219 /* TRLevel.m */,
				6F3DF0F7A1C9A6172BE15D40 /* TRTypes.h */,
				6F3DFA1D9FD529C6DE18D3D5 /* TRTypes.m */,
			);
			path = Trains3D;
			sourceTree = "<group>";
		};
		0214B12F1773394400C03C71 /* Supporting Files */ = {
			isa = PBXGroup;
			children = (
				0214B1301773394400C03C71 /* Trains3D-Info.plist */,
				0214B1311773394400C03C71 /* InfoPlist.strings */,
				0214B1341773394400C03C71 /* main.m */,
				0214B1361773394400C03C71 /* Trains3D-Prefix.pch */,
				0214B1371773394400C03C71 /* Credits.rtf */,
				6F3DF980D0476B0472119D26 /* TRAppDelegate.m */,
				6F3DF3C68061209BBC632F6E /* MainMenu.xib */,
				6F3DF5F168AA005DD585BCFB /* TRAppDelegate.h */,
			);
			name = "Supporting Files";
			sourceTree = "<group>";
		};
		0214B14B1773394500C03C71 /* Trains3DTests */ = {
			isa = PBXGroup;
			children = (
				0214B1511773394500C03C71 /* Trains3DTests.h */,
				0214B1521773394500C03C71 /* Trains3DTests.m */,
				0214B14C1773394500C03C71 /* Supporting Files */,
			);
			path = Trains3DTests;
			sourceTree = "<group>";
		};
		0214B14C1773394500C03C71 /* Supporting Files */ = {
			isa = PBXGroup;
			children = (
				0214B14D1773394500C03C71 /* Trains3DTests-Info.plist */,
				0214B14E1773394500C03C71 /* InfoPlist.strings */,
			);
			name = "Supporting Files";
			sourceTree = "<group>";
		};
		6F3DF0F9A59C9CB59A62D4A3 /* Mac */ = {
			isa = PBXGroup;
			children = (
				6F3DFA3414CC30A8B005B9C0 /* EGOpenGLView.m */,
				6F3DF3E279A6BB92EAA800FC /* EGOpenGLView.h */,
				6F3DF65460A5DBAC04BC37F7 /* EGDirectorMac.m */,
				6F3DFF28C729F025D705445D /* EGDirectorMac.h */,
			);
			path = Mac;
			sourceTree = "<group>";
		};
		6F3DF59FFFDE7F8B42964292 /* Engine */ = {
			isa = PBXGroup;
			children = (
				6F3DF595E3C0D7506F2F2638 /* EGTexture.od */,
				6F3DFC606C1908AFC8A72228 /* EGTexture.h */,
				6F3DFEB61E6469F152002495 /* EGTexture.m */,
				6F3DFFFCB36B857C7756A470 /* EGCamera.od */,
				6F3DF35551990032E9C9359F /* EGDirector.od */,
				6F3DFD9868ADE5A5DDACC9D9 /* EGScene.od */,
				6F3DFF74F30CEEC9C44EF9F5 /* Platform */,
				6F3DF835E144EA628BC9D1C1 /* EGDirector.h */,
				6F3DF0EDDE0E9BD7A9F948BE /* EGDirector.m */,
				6F3DF1CFEFCFD9A9F41392EF /* EGCamera.h */,
				6F3DF442E195CEABE2FEEE4F /* EGCamera.m */,
				6F3DFE2F83716C1EBC4E347D /* EGScene.m */,
				6F3DFAF06E197A6FA6BCD7EB /* EGScene.h */,
				6F3DFD09C1809BA993DAE5EC /* Time */,
				6F3DF1D6F2C26D4498CECD7C /* EGTypes.od */,
				6F3DFEE6C9005C4CA2D8FF99 /* EGTypes.h */,
			);
			path = Engine;
			sourceTree = "<group>";
		};
		6F3DFCBF8D4DDB6C5BC3FB8A /* Resources */ = {
			isa = PBXGroup;
			children = (
				6F3DFF5622ACCF4AEB7EE617 /* Grass.png */,
			);
			path = Resources;
			sourceTree = "<group>";
		};
		6F3DFD09C1809BA993DAE5EC /* Time */ = {
			isa = PBXGroup;
			children = (
				6F3DF7E5BB71171CADC27363 /* EGStat.od */,
				6F3DFC2DF92415D6518A84C5 /* EGTime.od */,
				6F3DF4FAA15963195E4F8796 /* EGTime.h */,
				6F3DF40B7EA21CBF17B28F8C /* EGTime.m */,
				6F3DF5B9F4E0A19BA7B96BFC /* EGStat.h */,
				6F3DF418927B90E9B8FD285D /* EGStat.m */,
			);
			path = Time;
			sourceTree = "<group>";
		};
		6F3DFF74F30CEEC9C44EF9F5 /* Platform */ = {
			isa = PBXGroup;
			children = (
				6F3DF0F9A59C9CB59A62D4A3 /* Mac */,
			);
			path = Platform;
			sourceTree = "<group>";
		};
/* End PBXGroup section */

/* Begin PBXNativeTarget section */
		0214B1241773394400C03C71 /* Trains3D */ = {
			isa = PBXNativeTarget;
			buildConfigurationList = 0214B1561773394500C03C71 /* Build configuration list for PBXNativeTarget "Trains3D" */;
			buildPhases = (
				0214B1211773394400C03C71 /* Sources */,
				0214B1221773394400C03C71 /* Frameworks */,
				0214B1231773394400C03C71 /* Resources */,
			);
			buildRules = (
			);
			dependencies = (
			);
			name = Trains3D;
			productName = Trains3D;
			productReference = 0214B1251773394400C03C71 /* Trains3D.app */;
			productType = "com.apple.product-type.application";
		};
		0214B1441773394500C03C71 /* Trains3DTests */ = {
			isa = PBXNativeTarget;
			buildConfigurationList = 0214B1591773394500C03C71 /* Build configuration list for PBXNativeTarget "Trains3DTests" */;
			buildPhases = (
				0214B1401773394500C03C71 /* Sources */,
				0214B1411773394500C03C71 /* Frameworks */,
				0214B1421773394500C03C71 /* Resources */,
				0214B1431773394500C03C71 /* ShellScript */,
			);
			buildRules = (
			);
			dependencies = (
				0214B14A1773394500C03C71 /* PBXTargetDependency */,
			);
			name = Trains3DTests;
			productName = Trains3DTests;
			productReference = 0214B1451773394500C03C71 /* Trains3DTests.octest */;
			productType = "com.apple.product-type.bundle";
		};
/* End PBXNativeTarget section */

/* Begin PBXProject section */
		0214B11D1773394400C03C71 /* Project object */ = {
			isa = PBXProject;
			attributes = {
				CLASSPREFIX = TR;
				LastUpgradeCheck = 0460;
				ORGANIZATIONNAME = "Anton Zherdev";
			};
			buildConfigurationList = 0214B1201773394400C03C71 /* Build configuration list for PBXProject "Trains3D" */;
			compatibilityVersion = "Xcode 3.2";
			developmentRegion = English;
			hasScannedForEncodings = 0;
			knownRegions = (
				en,
			);
			mainGroup = 0214B11C1773394400C03C71;
			productRefGroup = 0214B1261773394400C03C71 /* Products */;
			projectDirPath = "";
			projectRoot = "";
			targets = (
				0214B1241773394400C03C71 /* Trains3D */,
				0214B1441773394500C03C71 /* Trains3DTests */,
			);
		};
/* End PBXProject section */

/* Begin PBXResourcesBuildPhase section */
		0214B1231773394400C03C71 /* Resources */ = {
			isa = PBXResourcesBuildPhase;
			buildActionMask = 2147483647;
			files = (
				0214B1331773394400C03C71 /* InfoPlist.strings in Resources */,
				0214B1391773394400C03C71 /* Credits.rtf in Resources */,
				6F3DF1EA784B0CF29B2CA273 /* MainMenu.xib in Resources */,
				6F3DFA06DD08EAF323F21E52 /* EGTexture.od in Resources */,
				6F3DFC4DFD5AA78EE14631E6 /* EGCamera.od in Resources */,
				6F3DF3B03AB24320C2EF87F7 /* EGDirector.od in Resources */,
				6F3DF9157E102D6AFDDE715D /* EGScene.od in Resources */,
				6F3DF3E9BD0716446C89045C /* Grass.png in Resources */,
				6F3DFF3DA644565063716763 /* EGStat.od in Resources */,
				6F3DFEEE81BBC0A5966D9E2E /* EGTime.od in Resources */,
				6F3DFA8E7A526C995CD40513 /* TRLevel.od in Resources */,
				6F3DF9DB61C7A5476CA7A2F1 /* TRCity.od in Resources */,
				6F3DF36DDB5017608A0CD51B /* TRTypes.od in Resources */,
				6F3DF692073FADE1779485F1 /* EGTypes.od in Resources */,
			);
			runOnlyForDeploymentPostprocessing = 0;
		};
		0214B1421773394500C03C71 /* Resources */ = {
			isa = PBXResourcesBuildPhase;
			buildActionMask = 2147483647;
			files = (
				0214B1501773394500C03C71 /* InfoPlist.strings in Resources */,
			);
			runOnlyForDeploymentPostprocessing = 0;
		};
/* End PBXResourcesBuildPhase section */

/* Begin PBXShellScriptBuildPhase section */
		0214B1431773394500C03C71 /* ShellScript */ = {
			isa = PBXShellScriptBuildPhase;
			buildActionMask = 2147483647;
			files = (
			);
			inputPaths = (
			);
			outputPaths = (
			);
			runOnlyForDeploymentPostprocessing = 0;
			shellPath = /bin/sh;
			shellScript = "# Run the unit tests in this test bundle.\n\"${SYSTEM_DEVELOPER_DIR}/Tools/RunUnitTests\"\n";
		};
/* End PBXShellScriptBuildPhase section */

/* Begin PBXSourcesBuildPhase section */
		0214B1211773394400C03C71 /* Sources */ = {
			isa = PBXSourcesBuildPhase;
			buildActionMask = 2147483647;
			files = (
				0214B1351773394400C03C71 /* main.m in Sources */,
				6F3DF08D40683321E30A801E /* TRAppDelegate.m in Sources */,
				6F3DF970C938C0513041D305 /* EGTexture.m in Sources */,
				6F3DF9D4A7F987AED827130A /* EGOpenGLView.m in Sources */,
				6F3DF9434A258FF2AC0B6548 /* EGDirector.m in Sources */,
				6F3DF62875FC6AA9A1C16B02 /* EGCamera.m in Sources */,
				6F3DFEC7F85F7D181702969E /* EGScene.m in Sources */,
				6F3DFCC28C26DAF6DF429B57 /* EGDirectorMac.m in Sources */,
				6F3DFFB915F38AEF416608D0 /* EGTime.m in Sources */,
				6F3DF194C56638A08F95D03C /* EGStat.m in Sources */,
				6F3DF0D73FFF8EBDF63389DB /* TRCity.m in Sources */,
				6F3DFDBD0F43888518DDEDF3 /* TRLevel.m in Sources */,
				6F3DF3178C81E81D309A8F46 /* TRTypes.m in Sources */,
			);
			runOnlyForDeploymentPostprocessing = 0;
		};
		0214B1401773394500C03C71 /* Sources */ = {
			isa = PBXSourcesBuildPhase;
			buildActionMask = 2147483647;
			files = (
				0214B1531773394500C03C71 /* Trains3DTests.m in Sources */,
			);
			runOnlyForDeploymentPostprocessing = 0;
		};
/* End PBXSourcesBuildPhase section */

/* Begin PBXTargetDependency section */
		0214B14A1773394500C03C71 /* PBXTargetDependency */ = {
			isa = PBXTargetDependency;
			target = 0214B1241773394400C03C71 /* Trains3D */;
			targetProxy = 0214B1491773394500C03C71 /* PBXContainerItemProxy */;
		};
/* End PBXTargetDependency section */

/* Begin PBXVariantGroup section */
		0214B1311773394400C03C71 /* InfoPlist.strings */ = {
			isa = PBXVariantGroup;
			children = (
				0214B1321773394400C03C71 /* en */,
			);
			name = InfoPlist.strings;
			sourceTree = "<group>";
		};
		0214B1371773394400C03C71 /* Credits.rtf */ = {
			isa = PBXVariantGroup;
			children = (
				0214B1381773394400C03C71 /* en */,
			);
			name = Credits.rtf;
			sourceTree = "<group>";
		};
		0214B14E1773394500C03C71 /* InfoPlist.strings */ = {
			isa = PBXVariantGroup;
			children = (
				0214B14F1773394500C03C71 /* en */,
			);
			name = InfoPlist.strings;
			sourceTree = "<group>";
		};
		6F3DF3C68061209BBC632F6E /* MainMenu.xib */ = {
			isa = PBXVariantGroup;
			children = (
				6F3DF11FFF9D42B73312F055 /* en */,
			);
			name = MainMenu.xib;
			sourceTree = "<group>";
		};
/* End PBXVariantGroup section */

/* Begin XCBuildConfiguration section */
		0214B1541773394500C03C71 /* Debug */ = {
			isa = XCBuildConfiguration;
			buildSettings = {
				ALWAYS_SEARCH_USER_PATHS = NO;
				ARCHS = "$(ARCHS_STANDARD_64_BIT)";
				CLANG_CXX_LANGUAGE_STANDARD = "gnu++0x";
				CLANG_CXX_LIBRARY = "libc++";
				CLANG_ENABLE_OBJC_ARC = YES;
				CLANG_WARN_CONSTANT_CONVERSION = YES;
				CLANG_WARN_EMPTY_BODY = YES;
				CLANG_WARN_ENUM_CONVERSION = YES;
				CLANG_WARN_INT_CONVERSION = YES;
				CLANG_WARN__DUPLICATE_METHOD_MATCH = YES;
				COPY_PHASE_STRIP = NO;
				GCC_C_LANGUAGE_STANDARD = gnu99;
				GCC_DYNAMIC_NO_PIC = NO;
				GCC_ENABLE_OBJC_EXCEPTIONS = YES;
				GCC_OPTIMIZATION_LEVEL = 0;
				GCC_PREPROCESSOR_DEFINITIONS = (
					"DEBUG=1",
					"$(inherited)",
				);
				GCC_SYMBOLS_PRIVATE_EXTERN = NO;
				GCC_WARN_64_TO_32_BIT_CONVERSION = YES;
				GCC_WARN_ABOUT_RETURN_TYPE = YES;
				GCC_WARN_UNINITIALIZED_AUTOS = YES;
				GCC_WARN_UNUSED_VARIABLE = YES;
				MACOSX_DEPLOYMENT_TARGET = 10.8;
				ONLY_ACTIVE_ARCH = YES;
				SDKROOT = macosx;
			};
			name = Debug;
		};
		0214B1551773394500C03C71 /* Release */ = {
			isa = XCBuildConfiguration;
			buildSettings = {
				ALWAYS_SEARCH_USER_PATHS = NO;
				ARCHS = "$(ARCHS_STANDARD_64_BIT)";
				CLANG_CXX_LANGUAGE_STANDARD = "gnu++0x";
				CLANG_CXX_LIBRARY = "libc++";
				CLANG_ENABLE_OBJC_ARC = YES;
				CLANG_WARN_CONSTANT_CONVERSION = YES;
				CLANG_WARN_EMPTY_BODY = YES;
				CLANG_WARN_ENUM_CONVERSION = YES;
				CLANG_WARN_INT_CONVERSION = YES;
				CLANG_WARN__DUPLICATE_METHOD_MATCH = YES;
				COPY_PHASE_STRIP = YES;
				DEBUG_INFORMATION_FORMAT = "dwarf-with-dsym";
				GCC_C_LANGUAGE_STANDARD = gnu99;
				GCC_ENABLE_OBJC_EXCEPTIONS = YES;
				GCC_WARN_64_TO_32_BIT_CONVERSION = YES;
				GCC_WARN_ABOUT_RETURN_TYPE = YES;
				GCC_WARN_UNINITIALIZED_AUTOS = YES;
				GCC_WARN_UNUSED_VARIABLE = YES;
				MACOSX_DEPLOYMENT_TARGET = 10.8;
				SDKROOT = macosx;
			};
			name = Release;
		};
		0214B1571773394500C03C71 /* Debug */ = {
			isa = XCBuildConfiguration;
			buildSettings = {
				COMBINE_HIDPI_IMAGES = YES;
				GCC_PRECOMPILE_PREFIX_HEADER = YES;
				GCC_PREFIX_HEADER = "Trains3D/Trains3D-Prefix.pch";
				INFOPLIST_FILE = "Trains3D/Trains3D-Info.plist";
				PRODUCT_NAME = "$(TARGET_NAME)";
				WRAPPER_EXTENSION = app;
			};
			name = Debug;
		};
		0214B1581773394500C03C71 /* Release */ = {
			isa = XCBuildConfiguration;
			buildSettings = {
				COMBINE_HIDPI_IMAGES = YES;
				GCC_PRECOMPILE_PREFIX_HEADER = YES;
				GCC_PREFIX_HEADER = "Trains3D/Trains3D-Prefix.pch";
				INFOPLIST_FILE = "Trains3D/Trains3D-Info.plist";
				PRODUCT_NAME = "$(TARGET_NAME)";
				WRAPPER_EXTENSION = app;
			};
			name = Release;
		};
		0214B15A1773394500C03C71 /* Debug */ = {
			isa = XCBuildConfiguration;
			buildSettings = {
				BUNDLE_LOADER = "$(BUILT_PRODUCTS_DIR)/Trains3D.app/Contents/MacOS/Trains3D";
				COMBINE_HIDPI_IMAGES = YES;
				FRAMEWORK_SEARCH_PATHS = "\"$(DEVELOPER_LIBRARY_DIR)/Frameworks\"";
				GCC_PRECOMPILE_PREFIX_HEADER = YES;
				GCC_PREFIX_HEADER = "Trains3D/Trains3D-Prefix.pch";
				INFOPLIST_FILE = "Trains3DTests/Trains3DTests-Info.plist";
				PRODUCT_NAME = "$(TARGET_NAME)";
				TEST_HOST = "$(BUNDLE_LOADER)";
				WRAPPER_EXTENSION = octest;
			};
			name = Debug;
		};
		0214B15B1773394500C03C71 /* Release */ = {
			isa = XCBuildConfiguration;
			buildSettings = {
				BUNDLE_LOADER = "$(BUILT_PRODUCTS_DIR)/Trains3D.app/Contents/MacOS/Trains3D";
				COMBINE_HIDPI_IMAGES = YES;
				FRAMEWORK_SEARCH_PATHS = "\"$(DEVELOPER_LIBRARY_DIR)/Frameworks\"";
				GCC_PRECOMPILE_PREFIX_HEADER = YES;
				GCC_PREFIX_HEADER = "Trains3D/Trains3D-Prefix.pch";
				INFOPLIST_FILE = "Trains3DTests/Trains3DTests-Info.plist";
				PRODUCT_NAME = "$(TARGET_NAME)";
				TEST_HOST = "$(BUNDLE_LOADER)";
				WRAPPER_EXTENSION = octest;
			};
			name = Release;
		};
/* End XCBuildConfiguration section */

/* Begin XCConfigurationList section */
		0214B1201773394400C03C71 /* Build configuration list for PBXProject "Trains3D" */ = {
			isa = XCConfigurationList;
			buildConfigurations = (
				0214B1541773394500C03C71 /* Debug */,
				0214B1551773394500C03C71 /* Release */,
			);
			defaultConfigurationIsVisible = 0;
			defaultConfigurationName = Release;
		};
		0214B1561773394500C03C71 /* Build configuration list for PBXNativeTarget "Trains3D" */ = {
			isa = XCConfigurationList;
			buildConfigurations = (
				0214B1571773394500C03C71 /* Debug */,
				0214B1581773394500C03C71 /* Release */,
			);
			defaultConfigurationIsVisible = 0;
			defaultConfigurationName = Release;
		};
		0214B1591773394500C03C71 /* Build configuration list for PBXNativeTarget "Trains3DTests" */ = {
			isa = XCConfigurationList;
			buildConfigurations = (
				0214B15A1773394500C03C71 /* Debug */,
				0214B15B1773394500C03C71 /* Release */,
			);
			defaultConfigurationIsVisible = 0;
			defaultConfigurationName = Release;
		};
/* End XCConfigurationList section */
	};
	rootObject = 0214B11D1773394400C03C71 /* Project object */;
}
